Microsoft Visual Studio Solution File, Format Version 12.00
# Visual Studio Version 17
VisualStudioVersion = 17.5.2.0
MinimumVisualStudioVersion = 10.0.40219.1
Project("{FAE04EC0-301F-11D3-BF4B-00C04F79EFBC}") = "SkillHub.Application", "SkillHub.Application.csproj", "{F38EE4E4-6DFB-1192-FD5F-EC1A9DA3C9AD}"
EndProject
Global
	GlobalSection(SolutionConfigurationPlatforms) = preSolution
		Debug|Any CPU = Debug|Any CPU
		Release|Any CPU = Release|Any CPU
	EndGlobalSection
	GlobalSection(ProjectConfigurationPlatforms) = postSolution
		{F38EE4E4-6DFB-1192-FD5F-EC1A9DA3C9AD}.Debug|Any CPU.ActiveCfg = Debug|Any CPU
		{F38EE4E4-6DFB-1192-FD5F-EC1A9DA3C9AD}.Debug|Any CPU.Build.0 = Debug|Any CPU
		{F38EE4E4-6DFB-1192-FD5F-EC1A9DA3C9AD}.Release|Any CPU.ActiveCfg = Release|Any CPU
		{F38EE4E4-6DFB-1192-FD5F-EC1A9DA3C9AD}.Release|Any CPU.Build.0 = Release|Any CPU
	EndGlobalSection
	GlobalSection(SolutionProperties) = preSolution
		HideSolutionNode = FALSE
	EndGlobalSection
	GlobalSection(ExtensibilityGlobals) = postSolution
		SolutionGuid = {3D5EC498-732F-4CD5-A1D4-0A2EF6B4A36B}
	EndGlobalSection
EndGlobal
